
Microsoft Visual Studio Solution File, Format Version 12.00
# Visual Studio Version 16
VisualStudioVersion = 16.0.31727.386
MinimumVisualStudioVersion = 10.0.40219.1
Project("{FAE04EC0-301F-11D3-BF4B-00C04F79EFBC}") = "todolist", "todolist\todolist.csproj", "{4B3F3550-8276-4C79-9F09-11FF34E76EAA}"
EndProject
Global
	GlobalSection(SolutionConfigurationPlatforms) = preSolution
		Debug|Any CPU = Debug|Any CPU
		Release|Any CPU = Release|Any CPU
	EndGlobalSection
	GlobalSection(ProjectConfigurationPlatforms) = postSolution
		{4B3F3550-8276-4C79-9F09-11FF34E76EAA}.Debug|Any CPU.ActiveCfg = Debug|Any CPU
		{4B3F3550-8276-4C79-9F09-11FF34E76EAA}.Debug|Any CPU.Build.0 = Debug|Any CPU
		{4B3F3550-8276-4C79-9F09-11FF34E76EAA}.Release|Any CPU.ActiveCfg = Release|Any CPU
		{4B3F3550-8276-4C79-9F09-11FF34E76EAA}.Release|Any CPU.Build.0 = Release|Any CPU
	EndGlobalSection
	GlobalSection(SolutionProperties) = preSolution
		HideSolutionNode = FALSE
	EndGlobalSection
	GlobalSection(ExtensibilityGlobals) = postSolution
		SolutionGuid = {9AAE9FC0-EDDD-4973-9771-18033F9AF7D6}
	EndGlobalSection
EndGlobal
